
Microsoft Visual Studio Solution File, Format Version 12.00
# Visual Studio Version 17
VisualStudioVersion = 17.10.34928.147
MinimumVisualStudioVersion = 10.0.40219.1
Project("{FAE04EC0-301F-11D3-BF4B-00C04F79EFBC}") = "CarrinhoCompras", "CarrinhoCompras\CarrinhoCompras.csproj", "{413B4B61-86BB-4A04-ADD2-666F571D3ABD}"
EndProject
Global
	GlobalSection(SolutionConfigurationPlatforms) = preSolution
		Debug|Any CPU = Debug|Any CPU
		Release|Any CPU = Release|Any CPU
	EndGlobalSection
	GlobalSection(ProjectConfigurationPlatforms) = postSolution
		{413B4B61-86BB-4A04-ADD2-666F571D3ABD}.Debug|Any CPU.ActiveCfg = Debug|Any CPU
		{413B4B61-86BB-4A04-ADD2-666F571D3ABD}.Debug|Any CPU.Build.0 = Debug|Any CPU
		{413B4B61-86BB-4A04-ADD2-666F571D3ABD}.Release|Any CPU.ActiveCfg = Release|Any CPU
		{413B4B61-86BB-4A04-ADD2-666F571D3ABD}.Release|Any CPU.Build.0 = Release|Any CPU
	EndGlobalSection
	GlobalSection(SolutionProperties) = preSolution
		HideSolutionNode = FALSE
	EndGlobalSection
	GlobalSection(ExtensibilityGlobals) = postSolution
		SolutionGuid = {2DA1060C-F883-4F9C-ABBA-FED95E8ACACA}
	EndGlobalSection
EndGlobal
